Microsoft Visual Studio Solution File, Format Version 8.00
Project("{8BC9CEB8-8B4A-11D0-8D11-00A0C91BC942}") = "SmallYmPlayer", "SmallYmPlayer\SmallYmPlayer.vcproj", "{A69053AD-1AA3-421E-8AEC-0A349E83F157}"
	ProjectSection(ProjectDependencies) = postProject
		{A67A9573-BCC8-4236-BA9F-DC4036521C6A} = {A67A9573-BCC8-4236-BA9F-DC4036521C6A}
	EndProjectSection
EndProject
Project("{8BC9CEB8-8B4A-11D0-8D11-00A0C91BC942}") = "StSoundLibrary", "StSoundLibrary\StSoundLibrary.vcproj", "{A67A9573-BCC8-4236-BA9F-DC4036521C6A}"
	ProjectSection(ProjectDependencies) = postProject
	EndProjectSection
EndProject
Project("{8BC9CEB8-8B4A-11D0-8D11-00A0C91BC942}") = "Ym2Wav", "Ym2Wav\Ym2Wav.vcproj", "{D00E8B77-19C7-480C-B232-830E60CB3A7F}"
	ProjectSection(ProjectDependencies) = postProject
		{A67A9573-BCC8-4236-BA9F-DC4036521C6A} = {A67A9573-BCC8-4236-BA9F-DC4036521C6A}
	EndProjectSection
EndProject
Global
	GlobalSection(SourceCodeControl) = preSolution
		SccNumberOfProjects = 4
		SccProjectName0 = \u0022$/StSoundGPL\u0022,\u0020YVAAAAAA
		SccLocalPath0 = .
		SccProvider0 = MSSCCI:Microsoft\u0020Visual\u0020SourceSafe
		CanCheckoutShared = false
		SolutionUniqueID = {D88968B9-2A22-418F-96A4-6D162E1CF5FC}
		SccProjectUniqueName1 = SmallYmPlayer\\SmallYmPlayer.vcproj
		SccProjectName1 = \u0022$/StSoundGPL/SmallYmPlayer\u0022,\u0020AWAAAAAA
		SccLocalPath1 = SmallYmPlayer
		CanCheckoutShared = false
		SccProjectUniqueName2 = StSoundLibrary\\StSoundLibrary.vcproj
		SccProjectName2 = \u0022$/StSoundGPL/StSoundLibrary\u0022,\u0020IWAAAAAA
		SccLocalPath2 = StSoundLibrary
		CanCheckoutShared = false
		SccProjectUniqueName3 = Ym2Wav\\Ym2Wav.vcproj
		SccProjectName3 = \u0022$/StSoundGPL/Ym2Wav\u0022,\u0020FWAAAAAA
		SccLocalPath3 = Ym2Wav
		CanCheckoutShared = false
	EndGlobalSection
	GlobalSection(SolutionConfiguration) = preSolution
		Debug = Debug
		Release = Release
	EndGlobalSection
	GlobalSection(ProjectConfiguration) = postSolution
		{A69053AD-1AA3-421E-8AEC-0A349E83F157}.Debug.ActiveCfg = Debug|Win32
		{A69053AD-1AA3-421E-8AEC-0A349E83F157}.Debug.Build.0 = Debug|Win32
		{A69053AD-1AA3-421E-8AEC-0A349E83F157}.Release.ActiveCfg = Release|Win32
		{A69053AD-1AA3-421E-8AEC-0A349E83F157}.Release.Build.0 = Release|Win32
		{A67A9573-BCC8-4236-BA9F-DC4036521C6A}.Debug.ActiveCfg = Debug|Win32
		{A67A9573-BCC8-4236-BA9F-DC4036521C6A}.Debug.Build.0 = Debug|Win32
		{A67A9573-BCC8-4236-BA9F-DC4036521C6A}.Release.ActiveCfg = Release|Win32
		{A67A9573-BCC8-4236-BA9F-DC4036521C6A}.Release.Build.0 = Release|Win32
		{D00E8B77-19C7-480C-B232-830E60CB3A7F}.Debug.ActiveCfg = Debug|Win32
		{D00E8B77-19C7-480C-B232-830E60CB3A7F}.Debug.Build.0 = Debug|Win32
		{D00E8B77-19C7-480C-B232-830E60CB3A7F}.Release.ActiveCfg = Release|Win32
		{D00E8B77-19C7-480C-B232-830E60CB3A7F}.Release.Build.0 = Release|Win32
	EndGlobalSection
	GlobalSection(ExtensibilityGlobals) = postSolution
	EndGlobalSection
	GlobalSection(ExtensibilityAddIns) = postSolution
	EndGlobalSection
EndGlobal
